
Microsoft Visual Studio Solution File, Format Version 12.00
# Visual Studio Version 17
VisualStudioVersion = 17.9.34622.214
MinimumVisualStudioVersion = 10.0.40219.1
Project("{FAE04EC0-301F-11D3-BF4B-00C04F79EFBC}") = "Proyecto_buscando_dentro_del_tec", "Proyecto_buscando_dentro_del_tec\Proyecto_buscando_dentro_del_tec.csproj", "{2BC2F7CE-2856-4D2A-9CD1-6E1425805BCB}"
EndProject
Global
	GlobalSection(SolutionConfigurationPlatforms) = preSolution
		Debug|Any CPU = Debug|Any CPU
		Release|Any CPU = Release|Any CPU
	EndGlobalSection
	GlobalSection(ProjectConfigurationPlatforms) = postSolution
		{2BC2F7CE-2856-4D2A-9CD1-6E1425805BCB}.Debug|Any CPU.ActiveCfg = Debug|Any CPU
		{2BC2F7CE-2856-4D2A-9CD1-6E1425805BCB}.Debug|Any CPU.Build.0 = Debug|Any CPU
		{2BC2F7CE-2856-4D2A-9CD1-6E1425805BCB}.Release|Any CPU.ActiveCfg = Release|Any CPU
		{2BC2F7CE-2856-4D2A-9CD1-6E1425805BCB}.Release|Any CPU.Build.0 = Release|Any CPU
	EndGlobalSection
	GlobalSection(SolutionProperties) = preSolution
		HideSolutionNode = FALSE
	EndGlobalSection
	GlobalSection(ExtensibilityGlobals) = postSolution
		SolutionGuid = {9933461E-430A-46AE-B081-33E4A437F124}
	EndGlobalSection
EndGlobal
